
Microsoft Visual Studio Solution File, Format Version 12.00
# Visual Studio Version 16
VisualStudioVersion = 16.0.31402.337
MinimumVisualStudioVersion = 10.0.40219.1
Project("{FAE04EC0-301F-11D3-BF4B-00C04F79EFBC}") = "DemoLibrary", "DemoLibrary\DemoLibrary.csproj", "{FED62468-3A6B-4A7A-8985-896D0A2E2B8A}"
EndProject
Project("{FAE04EC0-301F-11D3-BF4B-00C04F79EFBC}") = "WinFormUI", "WinFormUI\WinFormUI.csproj", "{C0059716-F654-4084-9FC8-C292390463B8}"
EndProject
Global
	GlobalSection(SolutionConfigurationPlatforms) = preSolution
		Debug|Any CPU = Debug|Any CPU
		Release|Any CPU = Release|Any CPU
	EndGlobalSection
	GlobalSection(ProjectConfigurationPlatforms) = postSolution
		{FED62468-3A6B-4A7A-8985-896D0A2E2B8A}.Debug|Any CPU.ActiveCfg = Debug|Any CPU
		{FED62468-3A6B-4A7A-8985-896D0A2E2B8A}.Debug|Any CPU.Build.0 = Debug|Any CPU
		{FED62468-3A6B-4A7A-8985-896D0A2E2B8A}.Release|Any CPU.ActiveCfg = Release|Any CPU
		{FED62468-3A6B-4A7A-8985-896D0A2E2B8A}.Release|Any CPU.Build.0 = Release|Any CPU
		{C0059716-F654-4084-9FC8-C292390463B8}.Debug|Any CPU.ActiveCfg = Debug|Any CPU
		{C0059716-F654-4084-9FC8-C292390463B8}.Debug|Any CPU.Build.0 = Debug|Any CPU
		{C0059716-F654-4084-9FC8-C292390463B8}.Release|Any CPU.ActiveCfg = Release|Any CPU
		{C0059716-F654-4084-9FC8-C292390463B8}.Release|Any CPU.Build.0 = Release|Any CPU
	EndGlobalSection
	GlobalSection(SolutionProperties) = preSolution
		HideSolutionNode = FALSE
	EndGlobalSection
	GlobalSection(ExtensibilityGlobals) = postSolution
		SolutionGuid = {16B5EE12-B085-47F0-B594-82D198FFAC31}
	EndGlobalSection
EndGlobal
